
Microsoft Visual Studio Solution File, Format Version 12.00
# Visual Studio 15
VisualStudioVersion = 15.0.28010.2046
MinimumVisualStudioVersion = 10.0.40219.1
Project("{00D1A9C2-B5F0-4AF3-8072-F6C62B433612}") = "amweek.database", "amweek.database\amweek.database.sqlproj", "{46B1B23E-B221-406A-9A99-42610F9001FA}"
EndProject
Project("{FAE04EC0-301F-11D3-BF4B-00C04F79EFBC}") = "SignUp.Web", "SignUp.Web\SignUp.Web.csproj", "{17A57CF4-A6C1-47C1-AA38-650DB6D87F8F}"
EndProject
Project("{9A19103F-16F7-4668-BE54-9A1E7A4F7556}") = "SignUp.Entities", "SignUp.Entities\SignUp.Entities.csproj", "{3BC6F9D6-2284-41B9-860A-6CACD78EE49A}"
EndProject
Project("{FAE04EC0-301F-11D3-BF4B-00C04F79EFBC}") = "SignUp.Model", "SignUp.Model\SignUp.Model.csproj", "{3AFC4A48-5DB6-48FF-A459-20EC21A2EB28}"
EndProject
Project("{9A19103F-16F7-4668-BE54-9A1E7A4F7556}") = "SignUp.Messaging", "SignUp.Messaging\SignUp.Messaging.csproj", "{5F03224B-19E8-4F50-A889-6FFACBCF5832}"
EndProject
Project("{9A19103F-16F7-4668-BE54-9A1E7A4F7556}") = "SignUp.Core", "SignUp.Core\SignUp.Core.csproj", "{D42A37DB-0850-490C-95E5-E9533E7B3E2E}"
EndProject
Global
	GlobalSection(SolutionConfigurationPlatforms) = preSolution
		Debug|Any CPU = Debug|Any CPU
		Release|Any CPU = Release|Any CPU
	EndGlobalSection
	GlobalSection(ProjectConfigurationPlatforms) = postSolution
		{46B1B23E-B221-406A-9A99-42610F9001FA}.Debug|Any CPU.ActiveCfg = Debug|Any CPU
		{46B1B23E-B221-406A-9A99-42610F9001FA}.Debug|Any CPU.Build.0 = Debug|Any CPU
		{46B1B23E-B221-406A-9A99-42610F9001FA}.Debug|Any CPU.Deploy.0 = Debug|Any CPU
		{46B1B23E-B221-406A-9A99-42610F9001FA}.Release|Any CPU.ActiveCfg = Release|Any CPU
		{46B1B23E-B221-406A-9A99-42610F9001FA}.Release|Any CPU.Build.0 = Release|Any CPU
		{46B1B23E-B221-406A-9A99-42610F9001FA}.Release|Any CPU.Deploy.0 = Release|Any CPU
		{17A57CF4-A6C1-47C1-AA38-650DB6D87F8F}.Debug|Any CPU.ActiveCfg = Debug|Any CPU
		{17A57CF4-A6C1-47C1-AA38-650DB6D87F8F}.Debug|Any CPU.Build.0 = Debug|Any CPU
		{17A57CF4-A6C1-47C1-AA38-650DB6D87F8F}.Release|Any CPU.ActiveCfg = Release|Any CPU
		{17A57CF4-A6C1-47C1-AA38-650DB6D87F8F}.Release|Any CPU.Build.0 = Release|Any CPU
		{3BC6F9D6-2284-41B9-860A-6CACD78EE49A}.Debug|Any CPU.ActiveCfg = Debug|Any CPU
		{3BC6F9D6-2284-41B9-860A-6CACD78EE49A}.Debug|Any CPU.Build.0 = Debug|Any CPU
		{3BC6F9D6-2284-41B9-860A-6CACD78EE49A}.Release|Any CPU.ActiveCfg = Release|Any CPU
		{3BC6F9D6-2284-41B9-860A-6CACD78EE49A}.Release|Any CPU.Build.0 = Release|Any CPU
		{3AFC4A48-5DB6-48FF-A459-20EC21A2EB28}.Debug|Any CPU.ActiveCfg = Debug|Any CPU
		{3AFC4A48-5DB6-48FF-A459-20EC21A2EB28}.Debug|Any CPU.Build.0 = Debug|Any CPU
		{3AFC4A48-5DB6-48FF-A459-20EC21A2EB28}.Release|Any CPU.ActiveCfg = Release|Any CPU
		{3AFC4A48-5DB6-48FF-A459-20EC21A2EB28}.Release|Any CPU.Build.0 = Release|Any CPU
		{5F03224B-19E8-4F50-A889-6FFACBCF5832}.Debug|Any CPU.ActiveCfg = Debug|Any CPU
		{5F03224B-19E8-4F50-A889-6FFACBCF5832}.Debug|Any CPU.Build.0 = Debug|Any CPU
		{5F03224B-19E8-4F50-A889-6FFACBCF5832}.Release|Any CPU.ActiveCfg = Release|Any CPU
		{5F03224B-19E8-4F50-A889-6FFACBCF5832}.Release|Any CPU.Build.0 = Release|Any CPU
		{D42A37DB-0850-490C-95E5-E9533E7B3E2E}.Debug|Any CPU.ActiveCfg = Debug|Any CPU
		{D42A37DB-0850-490C-95E5-E9533E7B3E2E}.Debug|Any CPU.Build.0 = Debug|Any CPU
		{D42A37DB-0850-490C-95E5-E9533E7B3E2E}.Release|Any CPU.ActiveCfg = Release|Any CPU
		{D42A37DB-0850-490C-95E5-E9533E7B3E2E}.Release|Any CPU.Build.0 = Release|Any CPU
	EndGlobalSection
	GlobalSection(SolutionProperties) = preSolution
		HideSolutionNode = FALSE
	EndGlobalSection
	GlobalSection(ExtensibilityGlobals) = postSolution
		SolutionGuid = {E87AA44E-011D-41FA-BB78-3CAE687DCF1E}
	EndGlobalSection
EndGlobal
